
Microsoft Visual Studio Solution File, Format Version 12.00
# Visual Studio Version 16
VisualStudioVersion = 25.0.1700.0
MinimumVisualStudioVersion = 10.0.40219.1
Project("{FAE04EC0-301F-11D3-BF4B-00C04F79EFBC}") = "gkugg", "gkugg\gkugg.csproj", "{181E93F6-E99D-48BD-8AD2-48BD6EEEDD17}"
EndProject
Global
	GlobalSection(SolutionConfigurationPlatforms) = preSolution
		Debug|Any CPU = Debug|Any CPU
		Release|Any CPU = Release|Any CPU
	EndGlobalSection
	GlobalSection(ProjectConfigurationPlatforms) = postSolution
		{181E93F6-E99D-48BD-8AD2-48BD6EEEDD17}.Debug|Any CPU.ActiveCfg = Debug|Any CPU
		{181E93F6-E99D-48BD-8AD2-48BD6EEEDD17}.Debug|Any CPU.Build.0 = Debug|Any CPU
		{181E93F6-E99D-48BD-8AD2-48BD6EEEDD17}.Release|Any CPU.ActiveCfg = Release|Any CPU
		{181E93F6-E99D-48BD-8AD2-48BD6EEEDD17}.Release|Any CPU.Build.0 = Release|Any CPU
	EndGlobalSection
	GlobalSection(SolutionProperties) = preSolution
		HideSolutionNode = FALSE
	EndGlobalSection
	GlobalSection(ExtensibilityGlobals) = postSolution
		SolutionGuid = {3E127191-38DE-46D7-9728-6090E8DE2723}
	EndGlobalSection
EndGlobal
